PODS:
  - AliyunOSSiOS (2.6.0)
  - OpenCV (3.1.0.1)
  - SnapKit (3.0.2)
  - SVProgressHUD (2.0.4)

DEPENDENCIES:
  - AliyunOSSiOS (~> 2.6.0)
  - OpenCV (~> 3.1.0.1)
  - SnapKit (~> 3.0.0)
  - SVProgressHUD (~> 2.0.3)

SPEC CHECKSUMS:
  AliyunOSSiOS: 058b038cc82000dadb8f8e3893a97243124f2898
  OpenCV: 41c4250e2b06a394d6fbb634b5fa622cdd846018
  SnapKit: 2e456761aa92d4d4067a7a5594c18769d451a8ad
  SVProgressHUD: bfde85ed6c573ea802b9cb37894ed9b629034f1b

PODFILE CHECKSUM: 887423987c44a381b88885f3c6ce4562d7978a95

COCOAPODS: 1.2.0
