PODS:
  - OpenCV (3.1.0.1)
  - SnapKit (3.0.2)
  - SVProgressHUD (2.0.4)

DEPENDENCIES:
  - OpenCV (~> 3.1.0.1)
  - SnapKit (~> 3.0.0)
  - SVProgressHUD (~> 2.0.3)

SPEC CHECKSUMS:
  OpenCV: 41c4250e2b06a394d6fbb634b5fa622cdd846018
  SnapKit: 2e456761aa92d4d4067a7a5594c18769d451a8ad
  SVProgressHUD: bfde85ed6c573ea802b9cb37894ed9b629034f1b

PODFILE CHECKSUM: 7f041a205eea7b421f224db738c5456175735259

COCOAPODS: 1.2.0
